// !$*UTF8*$!
{
	archiveVersion = 1;
	classes = {
	};
	objectVersion = 50;
	objects = {

/* Begin PBXBuildFile section */
		1163ED40259CFB030062C039 /* TrashAppApp.swift in Sources */ = {isa = PBXBuildFile; fileRef = 1163ED3F259CFB030062C039 /* TrashAppApp.swift */; };
		1163ED42259CFB030062C039 /* ContentView.swift in Sources */ = {isa = PBXBuildFile; fileRef = 1163ED41259CFB030062C039 /* ContentView.swift */; };
		1163ED44259CFB090062C039 /* Assets.xcassets in Resources */ = {isa = PBXBuildFile; fileRef = 1163ED43259CFB090062C039 /* Assets.xcassets */; };
		1163ED47259CFB090062C039 /* Preview Assets.xcassets in Resources */ = {isa = PBXBuildFile; fileRef = 1163ED46259CFB090062C039 /* Preview Assets.xcassets */; };
		1163ED52259CFB090062C039 /* TrashAppTests.swift in Sources */ = {isa = PBXBuildFile; fileRef = 1163ED51259CFB090062C039 /* TrashAppTests.swift */; };
		1163ED5D259CFB090062C039 /* TrashAppUITests.swift in Sources */ = {isa = PBXBuildFile; fileRef = 1163ED5C259CFB090062C039 /* TrashAppUITests.swift */; };
		1163ED6E259D45A20062C039 /* SimpleWebView.swift in Sources */ = {isa = PBXBuildFile; fileRef = 1163ED6D259D45A20062C039 /* SimpleWebView.swift */; };
		1163ED73259E84E40062C039 /* SwankyWebView.swift in Sources */ = {isa = PBXBuildFile; fileRef = 1163ED72259E84E40062C039 /* SwankyWebView.swift */; };
		1163ED78259FE9590062C039 /* README.md in Resources */ = {isa = PBXBuildFile; fileRef = 1163ED77259FE9590062C039 /* README.md */; };
/* End PBXBuildFile section */

/* Begin PBXContainerItemProxy section */
		1163ED4E259CFB090062C039 /* PBXContainerItemProxy */ = {
			isa = PBXContainerItemProxy;
			containerPortal = 1163ED34259CFB030062C039 /* Project object */;
			proxyType = 1;
			remoteGlobalIDString = 1163ED3B259CFB030062C039;
			remoteInfo = TrashApp;
		};
		1163ED59259CFB090062C039 /* PBXContainerItemProxy */ = {
			isa = PBXContainerItemProxy;
			containerPortal = 1163ED34259CFB030062C039 /* Project object */;
			proxyType = 1;
			remoteGlobalIDString = 1163ED3B259CFB030062C039;
			remoteInfo = TrashApp;
		};
/* End PBXContainerItemProxy section */

/* Begin PBXFileReference section */
		1163ED3C259CFB030062C039 /* TrashApp.app */ = {isa = PBXFileReference; explicitFileType = wrapper.application; includeInIndex = 0; path = TrashApp.app; sourceTree = BUILT_PRODUCTS_DIR; };
		1163ED3F259CFB030062C039 /* TrashAppApp.swift */ = {isa = PBXFileReference; lastKnownFileType = sourcecode.swift; path = TrashAppApp.swift; sourceTree = "<group>"; };
		1163ED41259CFB030062C039 /* ContentView.swift */ = {isa = PBXFileReference; lastKnownFileType = sourcecode.swift; path = ContentView.swift; sourceTree = "<group>"; };
		1163ED43259CFB090062C039 /* Assets.xcassets */ = {isa = PBXFileReference; lastKnownFileType = folder.assetcatalog; path = Assets.xcassets; sourceTree = "<group>"; };
		1163ED46259CFB090062C039 /* Preview Assets.xcassets */ = {isa = PBXFileReference; lastKnownFileType = folder.assetcatalog; path = "Preview Assets.xcassets"; sourceTree = "<group>"; };
		1163ED48259CFB090062C039 /* Info.plist */ = {isa = PBXFileReference; lastKnownFileType = text.plist.xml; path = Info.plist; sourceTree = "<group>"; };
		1163ED4D259CFB090062C039 /* TrashAppTests.xctest */ = {isa = PBXFileReference; explicitFileType = wrapper.cfbundle; includeInIndex = 0; path = TrashAppTests.xctest; sourceTree = BUILT_PRODUCTS_DIR; };
		1163ED51259CFB090062C039 /* TrashAppTests.swift */ = {isa = PBXFileReference; lastKnownFileType = sourcecode.swift; path = TrashAppTests.swift; sourceTree = "<group>"; };
		1163ED53259CFB090062C039 /* Info.plist */ = {isa = PBXFileReference; lastKnownFileType = text.plist.xml; path = Info.plist; sourceTree = "<group>"; };
		1163ED58259CFB090062C039 /* TrashAppUITests.xctest */ = {isa = PBXFileReference; explicitFileType = wrapper.cfbundle; includeInIndex = 0; path = TrashAppUITests.xctest; sourceTree = BUILT_PRODUCTS_DIR; };
		1163ED5C259CFB090062C039 /* TrashAppUITests.swift */ = {isa = PBXFileReference; lastKnownFileType = sourcecode.swift; path = TrashAppUITests.swift; sourceTree = "<group>"; };
		1163ED5E259CFB090062C039 /* Info.plist */ = {isa = PBXFileReference; lastKnownFileType = text.plist.xml; path = Info.plist; sourceTree = "<group>"; };
		1163ED6D259D45A20062C039 /* SimpleWebView.swift */ = {isa = PBXFileReference; lastKnownFileType = sourcecode.swift; path = SimpleWebView.swift; sourceTree = "<group>"; };
		1163ED72259E84E40062C039 /* SwankyWebView.swift */ = {isa = PBXFileReference; lastKnownFileType = sourcecode.swift; path = SwankyWebView.swift; sourceTree = "<group>"; };
		1163ED77259FE9590062C039 /* README.md */ = {isa = PBXFileReference; fileEncoding = 4; lastKnownFileType = net.daringfireball.markdown; path = README.md; sourceTree = "<group>"; };
/* End PBXFileReference section */

/* Begin PBXFrameworksBuildPhase section */
		1163ED39259CFB030062C039 /* Frameworks */ = {
			isa = PBXFrameworksBuildPhase;
			buildActionMask = 2147483647;
			files = (
			);
			runOnlyForDeploymentPostprocessing = 0;
		};
		1163ED4A259CFB090062C039 /* Frameworks */ = {
			isa = PBXFrameworksBuildPhase;
			buildActionMask = 2147483647;
			files = (
			);
			runOnlyForDeploymentPostprocessing = 0;
		};
		1163ED55259CFB090062C039 /* Frameworks */ = {
			isa = PBXFrameworksBuildPhase;
			buildActionMask = 2147483647;
			files = (
			);
			runOnlyForDeploymentPostprocessing = 0;
		};
/* End PBXFrameworksBuildPhase section */

/* Begin PBXGroup section */
		1163ED33259CFB030062C039 = {
			isa = PBXGroup;
			children = (
				1163ED77259FE9590062C039 /* README.md */,
				1163ED3E259CFB030062C039 /* TrashApp */,
				1163ED50259CFB090062C039 /* TrashAppTests */,
				1163ED5B259CFB090062C039 /* TrashAppUITests */,
				1163ED3D259CFB030062C039 /* Products */,
			);
			sourceTree = "<group>";
		};
		1163ED3D259CFB030062C039 /* Products */ = {
			isa = PBXGroup;
			children = (
				1163ED3C259CFB030062C039 /* TrashApp.app */,
				1163ED4D259CFB090062C039 /* TrashAppTests.xctest */,
				1163ED58259CFB090062C039 /* TrashAppUITests.xctest */,
			);
			name = Products;
			sourceTree = "<group>";
		};
		1163ED3E259CFB030062C039 /* TrashApp */ = {
			isa = PBXGroup;
			children = (
				1163ED3F259CFB030062C039 /* TrashAppApp.swift */,
				1163ED41259CFB030062C039 /* ContentView.swift */,
				1163ED43259CFB090062C039 /* Assets.xcassets */,
				1163ED48259CFB090062C039 /* Info.plist */,
				1163ED45259CFB090062C039 /* Preview Content */,
				1163ED6D259D45A20062C039 /* SimpleWebView.swift */,
				1163ED72259E84E40062C039 /* SwankyWebView.swift */,
			);
			path = TrashApp;
			sourceTree = "<group>";
		};
		1163ED45259CFB090062C039 /* Preview Content */ = {
			isa = PBXGroup;
			children = (
				1163ED46259CFB090062C039 /* Preview Assets.xcassets */,
			);
			path = "Preview Content";
			sourceTree = "<group>";
		};
		1163ED50259CFB090062C039 /* TrashAppTests */ = {
			isa = PBXGroup;
			children = (
				1163ED51259CFB090062C039 /* TrashAppTests.swift */,
				1163ED53259CFB090062C039 /* Info.plist */,
			);
			path = TrashAppTests;
			sourceTree = "<group>";
		};
		1163ED5B259CFB090062C039 /* TrashAppUITests */ = {
			isa = PBXGroup;
			children = (
				1163ED5C259CFB090062C039 /* TrashAppUITests.swift */,
				1163ED5E259CFB090062C039 /* Info.plist */,
			);
			path = TrashAppUITests;
			sourceTree = "<group>";
		};
/* End PBXGroup section */

/* Begin PBXNativeTarget section */
		1163ED3B259CFB030062C039 /* TrashApp */ = {
			isa = PBXNativeTarget;
			buildConfigurationList = 1163ED61259CFB090062C039 /* Build configuration list for PBXNativeTarget "TrashApp" */;
			buildPhases = (
				1163ED38259CFB030062C039 /* Sources */,
				1163ED39259CFB030062C039 /* Frameworks */,
				1163ED3A259CFB030062C039 /* Resources */,
			);
			buildRules = (
			);
			dependencies = (
			);
			name = TrashApp;
			productName = TrashApp;
			productReference = 1163ED3C259CFB030062C039 /* TrashApp.app */;
			productType = "com.apple.product-type.application";
		};
		1163ED4C259CFB090062C039 /* TrashAppTests */ = {
			isa = PBXNativeTarget;
			buildConfigurationList = 1163ED64259CFB090062C039 /* Build configuration list for PBXNativeTarget "TrashAppTests" */;
			buildPhases = (
				1163ED49259CFB090062C039 /* Sources */,
				1163ED4A259CFB090062C039 /* Frameworks */,
				1163ED4B259CFB090062C039 /* Resources */,
			);
			buildRules = (
			);
			dependencies = (
				1163ED4F259CFB090062C039 /* PBXTargetDependency */,
			);
			name = TrashAppTests;
			productName = TrashAppTests;
			productReference = 1163ED4D259CFB090062C039 /* TrashAppTests.xctest */;
			productType = "com.apple.product-type.bundle.unit-test";
		};
		1163ED57259CFB090062C039 /* TrashAppUITests */ = {
			isa = PBXNativeTarget;
			buildConfigurationList = 1163ED67259CFB090062C039 /* Build configuration list for PBXNativeTarget "TrashAppUITests" */;
			buildPhases = (
				1163ED54259CFB090062C039 /* Sources */,
				1163ED55259CFB090062C039 /* Frameworks */,
				1163ED56259CFB090062C039 /* Resources */,
			);
			buildRules = (
			);
			dependencies = (
				1163ED5A259CFB090062C039 /* PBXTargetDependency */,
			);
			name = TrashAppUITests;
			productName = TrashAppUITests;
			productReference = 1163ED58259CFB090062C039 /* TrashAppUITests.xctest */;
			productType = "com.apple.product-type.bundle.ui-testing";
		};
/* End PBXNativeTarget section */

/* Begin PBXProject section */
		1163ED34259CFB030062C039 /* Project object */ = {
			isa = PBXProject;
			attributes = {
				LastSwiftUpdateCheck = 1230;
				LastUpgradeCheck = 1230;
				TargetAttributes = {
					1163ED3B259CFB030062C039 = {
						CreatedOnToolsVersion = 12.3;
					};
					1163ED4C259CFB090062C039 = {
						CreatedOnToolsVersion = 12.3;
						TestTargetID = 1163ED3B259CFB030062C039;
					};
					1163ED57259CFB090062C039 = {
						CreatedOnToolsVersion = 12.3;
						TestTargetID = 1163ED3B259CFB030062C039;
					};
				};
			};
			buildConfigurationList = 1163ED37259CFB030062C039 /* Build configuration list for PBXProject "TrashApp" */;
			compatibilityVersion = "Xcode 9.3";
			developmentRegion = en;
			hasScannedForEncodings = 0;
			knownRegions = (
				en,
				Base,
			);
			mainGroup = 1163ED33259CFB030062C039;
			productRefGroup = 1163ED3D259CFB030062C039 /* Products */;
			projectDirPath = "";
			projectRoot = "";
			targets = (
				1163ED3B259CFB030062C039 /* TrashApp */,
				1163ED4C259CFB090062C039 /* TrashAppTests */,
				1163ED57259CFB090062C039 /* TrashAppUITests */,
			);
		};
/* End PBXProject section */

/* Begin PBXResourcesBuildPhase section */
		1163ED3A259CFB030062C039 /* Resources */ = {
			isa = PBXResourcesBuildPhase;
			buildActionMask = 2147483647;
			files = (
				1163ED78259FE9590062C039 /* README.md in Resources */,
				1163ED47259CFB090062C039 /* Preview Assets.xcassets in Resources */,
				1163ED44259CFB090062C039 /* Assets.xcassets in Resources */,
			);
			runOnlyForDeploymentPostprocessing = 0;
		};
		1163ED4B259CFB090062C039 /* Resources */ = {
			isa = PBXResourcesBuildPhase;
			buildActionMask = 2147483647;
			files = (
			);
			runOnlyForDeploymentPostprocessing = 0;
		};
		1163ED56259CFB090062C039 /* Resources */ = {
			isa = PBXResourcesBuildPhase;
			buildActionMask = 2147483647;
			files = (
			);
			runOnlyForDeploymentPostprocessing = 0;
		};
/* End PBXResourcesBuildPhase section */

/* Begin PBXSourcesBuildPhase section */
		1163ED38259CFB030062C039 /* Sources */ = {
			isa = PBXSourcesBuildPhase;
			buildActionMask = 2147483647;
			files = (
				1163ED73259E84E40062C039 /* SwankyWebView.swift in Sources */,
				1163ED6E259D45A20062C039 /* SimpleWebView.swift in Sources */,
				1163ED42259CFB030062C039 /* ContentView.swift in Sources */,
				1163ED40259CFB030062C039 /* TrashAppApp.swift in Sources */,
			);
			runOnlyForDeploymentPostprocessing = 0;
		};
		1163ED49259CFB090062C039 /* Sources */ = {
			isa = PBXSourcesBuildPhase;
			buildActionMask = 2147483647;
			files = (
				1163ED52259CFB090062C039 /* TrashAppTests.swift in Sources */,
			);
			runOnlyForDeploymentPostprocessing = 0;
		};
		1163ED54259CFB090062C039 /* Sources */ = {
			isa = PBXSourcesBuildPhase;
			buildActionMask = 2147483647;
			files = (
				1163ED5D259CFB090062C039 /* TrashAppUITests.swift in Sources */,
			);
			runOnlyForDeploymentPostprocessing = 0;
		};
/* End PBXSourcesBuildPhase section */

/* Begin PBXTargetDependency section */
		1163ED4F259CFB090062C039 /* PBXTargetDependency */ = {
			isa = PBXTargetDependency;
			target = 1163ED3B259CFB030062C039 /* TrashApp */;
			targetProxy = 1163ED4E259CFB090062C039 /* PBXContainerItemProxy */;
		};
		1163ED5A259CFB090062C039 /* PBXTargetDependency */ = {
			isa = PBXTargetDependency;
			target = 1163ED3B259CFB030062C039 /* TrashApp */;
			targetProxy = 1163ED59259CFB090062C039 /* PBXContainerItemProxy */;
		};
/* End PBXTargetDependency section */

/* Begin XCBuildConfiguration section */
		1163ED5F259CFB090062C039 /* Debug */ = {
			isa = XCBuildConfiguration;
			buildSettings = {
				ALWAYS_SEARCH_USER_PATHS = NO;
				CLANG_ANALYZER_NONNULL = YES;
				CLANG_ANALYZER_NUMBER_OBJECT_CONVERSION = YES_AGGRESSIVE;
				CLANG_CXX_LANGUAGE_STANDARD = "gnu++14";
				CLANG_CXX_LIBRARY = "libc++";
				CLANG_ENABLE_MODULES = YES;
				CLANG_ENABLE_OBJC_ARC = YES;
				CLANG_ENABLE_OBJC_WEAK = YES;
				CLANG_WARN_BLOCK_CAPTURE_AUTORELEASING = YES;
				CLANG_WARN_BOOL_CONVERSION = YES;
				CLANG_WARN_COMMA = YES;
				CLANG_WARN_CONSTANT_CONVERSION = YES;
				CLANG_WARN_DEPRECATED_OBJC_IMPLEMENTATIONS = YES;
				CLANG_WARN_DIRECT_OBJC_ISA_USAGE = YES_ERROR;
				CLANG_WARN_DOCUMENTATION_COMMENTS = YES;
				CLANG_WARN_EMPTY_BODY = YES;
				CLANG_WARN_ENUM_CONVERSION = YES;
				CLANG_WARN_INFINITE_RECURSION = YES;
				CLANG_WARN_INT_CONVERSION = YES;
				CLANG_WARN_NON_LITERAL_NULL_CONVERSION = YES;
				CLANG_WARN_OBJC_IMPLICIT_RETAIN_SELF = YES;
				CLANG_WARN_OBJC_LITERAL_CONVERSION = YES;
				CLANG_WARN_OBJC_ROOT_CLASS = YES_ERROR;
				CLANG_WARN_QUOTED_INCLUDE_IN_FRAMEWORK_HEADER = YES;
				CLANG_WARN_RANGE_LOOP_ANALYSIS = YES;
				CLANG_WARN_STRICT_PROTOTYPES = YES;
				CLANG_WARN_SUSPICIOUS_MOVE = YES;
				CLANG_WARN_UNGUARDED_AVAILABILITY = YES_AGGRESSIVE;
				CLANG_WARN_UNREACHABLE_CODE = YES;
				CLANG_WARN__DUPLICATE_METHOD_MATCH = YES;
				COPY_PHASE_STRIP = NO;
				DEBUG_INFORMATION_FORMAT = dwarf;
				ENABLE_STRICT_OBJC_MSGSEND = YES;
				ENABLE_TESTABILITY = YES;
				GCC_C_LANGUAGE_STANDARD = gnu11;
				GCC_DYNAMIC_NO_PIC = NO;
				GCC_NO_COMMON_BLOCKS = YES;
				GCC_OPTIMIZATION_LEVEL = 0;
				GCC_PREPROCESSOR_DEFINITIONS = (
					"DEBUG=1",
					"$(inherited)",
				);
				GCC_WARN_64_TO_32_BIT_CONVERSION = YES;
				GCC_WARN_ABOUT_RETURN_TYPE = YES_ERROR;
				GCC_WARN_UNDECLARED_SELECTOR = YES;
				GCC_WARN_UNINITIALIZED_AUTOS = YES_AGGRESSIVE;
				GCC_WARN_UNUSED_FUNCTION = YES;
				GCC_WARN_UNUSED_VARIABLE = YES;
				IPHONEOS_DEPLOYMENT_TARGET = 14.3;
				MTL_ENABLE_DEBUG_INFO = INCLUDE_SOURCE;
				MTL_FAST_MATH = YES;
				ONLY_ACTIVE_ARCH = YES;
				SDKROOT = iphoneos;
				SWIFT_ACTIVE_COMPILATION_CONDITIONS = DEBUG;
				SWIFT_OPTIMIZATION_LEVEL = "-Onone";
			};
			name = Debug;
		};
		1163ED60259CFB090062C039 /* Release */ = {
			isa = XCBuildConfiguration;
			buildSettings = {
				ALWAYS_SEARCH_USER_PATHS = NO;
				CLANG_ANALYZER_NONNULL = YES;
				CLANG_ANALYZER_NUMBER_OBJECT_CONVERSION = YES_AGGRESSIVE;
				CLANG_CXX_LANGUAGE_STANDARD = "gnu++14";
				CLANG_CXX_LIBRARY = "libc++";
				CLANG_ENABLE_MODULES = YES;
				CLANG_ENABLE_OBJC_ARC = YES;
				CLANG_ENABLE_OBJC_WEAK = YES;
				CLANG_WARN_BLOCK_CAPTURE_AUTORELEASING = YES;
				CLANG_WARN_BOOL_CONVERSION = YES;
				CLANG_WARN_COMMA = YES;
				CLANG_WARN_CONSTANT_CONVERSION = YES;
				CLANG_WARN_DEPRECATED_OBJC_IMPLEMENTATIONS = YES;
				CLANG_WARN_DIRECT_OBJC_ISA_USAGE = YES_ERROR;
				CLANG_WARN_DOCUMENTATION_COMMENTS = YES;
				CLANG_WARN_EMPTY_BODY = YES;
				CLANG_WARN_ENUM_CONVERSION = YES;
				CLANG_WARN_INFINITE_RECURSION = YES;
				CLANG_WARN_INT_CONVERSION = YES;
				CLANG_WARN_NON_LITERAL_NULL_CONVERSION = YES;
				CLANG_WARN_OBJC_IMPLICIT_RETAIN_SELF = YES;
				CLANG_WARN_OBJC_LITERAL_CONVERSION = YES;
				CLANG_WARN_OBJC_ROOT_CLASS = YES_ERROR;
				CLANG_WARN_QUOTED_INCLUDE_IN_FRAMEWORK_HEADER = YES;
				CLANG_WARN_RANGE_LOOP_ANALYSIS = YES;
				CLANG_WARN_STRICT_PROTOTYPES = YES;
				CLANG_WARN_SUSPICIOUS_MOVE = YES;
				CLANG_WARN_UNGUARDED_AVAILABILITY = YES_AGGRESSIVE;
				CLANG_WARN_UNREACHABLE_CODE = YES;
				CLANG_WARN__DUPLICATE_METHOD_MATCH = YES;
				COPY_PHASE_STRIP = NO;
				DEBUG_INFORMATION_FORMAT = "dwarf-with-dsym";
				ENABLE_NS_ASSERTIONS = NO;
				ENABLE_STRICT_OBJC_MSGSEND = YES;
				GCC_C_LANGUAGE_STANDARD = gnu11;
				GCC_NO_COMMON_BLOCKS = YES;
				GCC_WARN_64_TO_32_BIT_CONVERSION = YES;
				GCC_WARN_ABOUT_RETURN_TYPE = YES_ERROR;
				GCC_WARN_UNDECLARED_SELECTOR = YES;
				GCC_WARN_UNINITIALIZED_AUTOS = YES_AGGRESSIVE;
				GCC_WARN_UNUSED_FUNCTION = YES;
				GCC_WARN_UNUSED_VARIABLE = YES;
				IPHONEOS_DEPLOYMENT_TARGET = 14.3;
				MTL_ENABLE_DEBUG_INFO = NO;
				MTL_FAST_MATH = YES;
				SDKROOT = iphoneos;
				SWIFT_COMPILATION_MODE = wholemodule;
				SWIFT_OPTIMIZATION_LEVEL = "-O";
				VALIDATE_PRODUCT = YES;
			};
			name = Release;
		};
		1163ED62259CFB090062C039 /* Debug */ = {
			isa = XCBuildConfiguration;
			buildSettings = {
				ASSETCATALOG_COMPILER_APPICON_NAME = AppIcon;
				ASSETCATALOG_COMPILER_GLOBAL_ACCENT_COLOR_NAME = AccentColor;
				CODE_SIGN_STYLE = Automatic;
				DEVELOPMENT_ASSET_PATHS = "\"TrashApp/Preview Content\"";
				DEVELOPMENT_TEAM = H86SYVRT2V;
				ENABLE_PREVIEWS = YES;
				INFOPLIST_FILE = TrashApp/Info.plist;
				IPHONEOS_DEPLOYMENT_TARGET = 14.0;
				LD_RUNPATH_SEARCH_PATHS = (
					"$(inherited)",
					"@executable_path/Frameworks",
				);
				PRODUCT_BUNDLE_IDENTIFIER = com.trash.TrashApp;
				PRODUCT_NAME = "$(TARGET_NAME)";
				SWIFT_VERSION = 5.0;
				TARGETED_DEVICE_FAMILY = "1,2";
			};
			name = Debug;
		};
		1163ED63259CFB090062C039 /* Release */ = {
			isa = XCBuildConfiguration;
			buildSettings = {
				ASSETCATALOG_COMPILER_APPICON_NAME = AppIcon;
				ASSETCATALOG_COMPILER_GLOBAL_ACCENT_COLOR_NAME = AccentColor;
				CODE_SIGN_STYLE = Automatic;
				DEVELOPMENT_ASSET_PATHS = "\"TrashApp/Preview Content\"";
				DEVELOPMENT_TEAM = H86SYVRT2V;
				ENABLE_PREVIEWS = YES;
				INFOPLIST_FILE = TrashApp/Info.plist;
				IPHONEOS_DEPLOYMENT_TARGET = 14.0;
				LD_RUNPATH_SEARCH_PATHS = (
					"$(inherited)",
					"@executable_path/Frameworks",
				);
				PRODUCT_BUNDLE_IDENTIFIER = com.trash.TrashApp;
				PRODUCT_NAME = "$(TARGET_NAME)";
				SWIFT_VERSION = 5.0;
				TARGETED_DEVICE_FAMILY = "1,2";
			};
			name = Release;
		};
		1163ED65259CFB090062C039 /* Debug */ = {
			isa = XCBuildConfiguration;
			buildSettings = {
				ALWAYS_EMBED_SWIFT_STANDARD_LIBRARIES = YES;
				BUNDLE_LOADER = "$(TEST_HOST)";
				CODE_SIGN_STYLE = Automatic;
				DEVELOPMENT_TEAM = H86SYVRT2V;
				INFOPLIST_FILE = TrashAppTests/Info.plist;
				IPHONEOS_DEPLOYMENT_TARGET = 14.0;
				LD_RUNPATH_SEARCH_PATHS = (
					"$(inherited)",
					"@executable_path/Frameworks",
					"@loader_path/Frameworks",
				);
				PRODUCT_BUNDLE_IDENTIFIER = com.trash.TrashAppTests;
				PRODUCT_NAME = "$(TARGET_NAME)";
				SWIFT_VERSION = 5.0;
				TARGETED_DEVICE_FAMILY = "1,2";
				TEST_HOST = "$(BUILT_PRODUCTS_DIR)/TrashApp.app/TrashApp";
			};
			name = Debug;
		};
		1163ED66259CFB090062C039 /* Release */ = {
			isa = XCBuildConfiguration;
			buildSettings = {
				ALWAYS_EMBED_SWIFT_STANDARD_LIBRARIES = YES;
				BUNDLE_LOADER = "$(TEST_HOST)";
				CODE_SIGN_STYLE = Automatic;
				DEVELOPMENT_TEAM = H86SYVRT2V;
				INFOPLIST_FILE = TrashAppTests/Info.plist;
				IPHONEOS_DEPLOYMENT_TARGET = 14.0;
				LD_RUNPATH_SEARCH_PATHS = (
					"$(inherited)",
					"@executable_path/Frameworks",
					"@loader_path/Frameworks",
				);
				PRODUCT_BUNDLE_IDENTIFIER = com.trash.TrashAppTests;
				PRODUCT_NAME = "$(TARGET_NAME)";
				SWIFT_VERSION = 5.0;
				TARGETED_DEVICE_FAMILY = "1,2";
				TEST_HOST = "$(BUILT_PRODUCTS_DIR)/TrashApp.app/TrashApp";
			};
			name = Release;
		};
		1163ED68259CFB090062C039 /* Debug */ = {
			isa = XCBuildConfiguration;
			buildSettings = {
				ALWAYS_EMBED_SWIFT_STANDARD_LIBRARIES = YES;
				CODE_SIGN_STYLE = Automatic;
				DEVELOPMENT_TEAM = H86SYVRT2V;
				INFOPLIST_FILE = TrashAppUITests/Info.plist;
				LD_RUNPATH_SEARCH_PATHS = (
					"$(inherited)",
					"@executable_path/Frameworks",
					"@loader_path/Frameworks",
				);
				PRODUCT_BUNDLE_IDENTIFIER = com.trash.TrashAppUITests;
				PRODUCT_NAME = "$(TARGET_NAME)";
				SWIFT_VERSION = 5.0;
				TARGETED_DEVICE_FAMILY = "1,2";
				TEST_TARGET_NAME = TrashApp;
			};
			name = Debug;
		};
		1163ED69259CFB090062C039 /* Release */ = {
			isa = XCBuildConfiguration;
			buildSettings = {
				ALWAYS_EMBED_SWIFT_STANDARD_LIBRARIES = YES;
				CODE_SIGN_STYLE = Automatic;
				DEVELOPMENT_TEAM = H86SYVRT2V;
				INFOPLIST_FILE = TrashAppUITests/Info.plist;
				LD_RUNPATH_SEARCH_PATHS = (
					"$(inherited)",
					"@executable_path/Frameworks",
					"@loader_path/Frameworks",
				);
				PRODUCT_BUNDLE_IDENTIFIER = com.trash.TrashAppUITests;
				PRODUCT_NAME = "$(TARGET_NAME)";
				SWIFT_VERSION = 5.0;
				TARGETED_DEVICE_FAMILY = "1,2";
				TEST_TARGET_NAME = TrashApp;
			};
			name = Release;
		};
/* End XCBuildConfiguration section */

/* Begin XCConfigurationList section */
		1163ED37259CFB030062C039 /* Build configuration list for PBXProject "TrashApp" */ = {
			isa = XCConfigurationList;
			buildConfigurations = (
				1163ED5F259CFB090062C039 /* Debug */,
				1163ED60259CFB090062C039 /* Release */,
			);
			defaultConfigurationIsVisible = 0;
			defaultConfigurationName = Release;
		};
		1163ED61259CFB090062C039 /* Build configuration list for PBXNativeTarget "TrashApp" */ = {
			isa = XCConfigurationList;
			buildConfigurations = (
				1163ED62259CFB090062C039 /* Debug */,
				1163ED63259CFB090062C039 /* Release */,
			);
			defaultConfigurationIsVisible = 0;
			defaultConfigurationName = Release;
		};
		1163ED64259CFB090062C039 /* Build configuration list for PBXNativeTarget "TrashAppTests" */ = {
			isa = XCConfigurationList;
			buildConfigurations = (
				1163ED65259CFB090062C039 /* Debug */,
				1163ED66259CFB090062C039 /* Release */,
			);
			defaultConfigurationIsVisible = 0;
			defaultConfigurationName = Release;
		};
		1163ED67259CFB090062C039 /* Build configuration list for PBXNativeTarget "TrashAppUITests" */ = {
			isa = XCConfigurationList;
			buildConfigurations = (
				1163ED68259CFB090062C039 /* Debug */,
				1163ED69259CFB090062C039 /* Release */,
			);
			defaultConfigurationIsVisible = 0;
			defaultConfigurationName = Release;
		};
/* End XCConfigurationList section */
	};
	rootObject = 1163ED34259CFB030062C039 /* Project object */;
}
